
Microsoft Visual Studio Solution File, Format Version 12.00
# Visual Studio 14
VisualStudioVersion = 14.0.25420.1
MinimumVisualStudioVersion = 10.0.40219.1
Project("{FAE04EC0-301F-11D3-BF4B-00C04F79EFBC}") = "TD-WPF", "TD-WPF\TD-WPF.csproj", "{36C178CA-68C1-4C0F-9C00-46297925058E}"
EndProject
Global
	GlobalSection(SolutionConfigurationPlatforms) = preSolution
		Debug|Any CPU = Debug|Any CPU
		Release|Any CPU = Release|Any CPU
	EndGlobalSection
	GlobalSection(ProjectConfigurationPlatforms) = postSolution
		{36C178CA-68C1-4C0F-9C00-46297925058E}.Debug|Any CPU.ActiveCfg = Debug|Any CPU
		{36C178CA-68C1-4C0F-9C00-46297925058E}.Debug|Any CPU.Build.0 = Debug|Any CPU
		{36C178CA-68C1-4C0F-9C00-46297925058E}.Release|Any CPU.ActiveCfg = Release|Any CPU
		{36C178CA-68C1-4C0F-9C00-46297925058E}.Release|Any CPU.Build.0 = Release|Any CPU
	EndGlobalSection
	GlobalSection(SolutionProperties) = preSolution
		HideSolutionNode = FALSE
	EndGlobalSection
	GlobalSection(ExtensibilityGlobals) = postSolution
		SolutionGuid = {E4053F64-0E3F-4A84-9E04-A1A0456AD49A}
	EndGlobalSection
EndGlobal
